
Microsoft Visual Studio Solution File, Format Version 12.00
# Visual Studio 15
VisualStudioVersion = 15.0.28307.539
MinimumVisualStudioVersion = 10.0.40219.1
Project("{9A19103F-16F7-4668-BE54-9A1E7A4F7556}") = "Apishka", "Apishka\Apishka.csproj", "{9329A325-CE2D-4431-9E79-17B51C538A9C}"
EndProject
Project("{FAE04EC0-301F-11D3-BF4B-00C04F79EFBC}") = "UI`s", "WpfApp1\UI`s.csproj", "{6D17EBC3-A4FA-42F0-96CA-1BADA067EA17}"
EndProject
Global
	GlobalSection(SolutionConfigurationPlatforms) = preSolution
		Debug|Any CPU = Debug|Any CPU
		Release|Any CPU = Release|Any CPU
	EndGlobalSection
	GlobalSection(ProjectConfigurationPlatforms) = postSolution
		{9329A325-CE2D-4431-9E79-17B51C538A9C}.Debug|Any CPU.ActiveCfg = Debug|Any CPU
		{9329A325-CE2D-4431-9E79-17B51C538A9C}.Debug|Any CPU.Build.0 = Debug|Any CPU
		{9329A325-CE2D-4431-9E79-17B51C538A9C}.Release|Any CPU.ActiveCfg = Release|Any CPU
		{9329A325-CE2D-4431-9E79-17B51C538A9C}.Release|Any CPU.Build.0 = Release|Any CPU
		{6D17EBC3-A4FA-42F0-96CA-1BADA067EA17}.Debug|Any CPU.ActiveCfg = Debug|Any CPU
		{6D17EBC3-A4FA-42F0-96CA-1BADA067EA17}.Debug|Any CPU.Build.0 = Debug|Any CPU
		{6D17EBC3-A4FA-42F0-96CA-1BADA067EA17}.Release|Any CPU.ActiveCfg = Release|Any CPU
		{6D17EBC3-A4FA-42F0-96CA-1BADA067EA17}.Release|Any CPU.Build.0 = Release|Any CPU
	EndGlobalSection
	GlobalSection(SolutionProperties) = preSolution
		HideSolutionNode = FALSE
	EndGlobalSection
	GlobalSection(ExtensibilityGlobals) = postSolution
		SolutionGuid = {7B7C3F68-2206-4568-885F-A3FB8F9FFF11}
	EndGlobalSection
EndGlobal
